// !$*UTF8*$!
{
	archiveVersion = 1;
	classes = {
	};
	objectVersion = 50;
	objects = {

/* Begin PBXBuildFile section */
		84681DD5217AB05700A139EB /* TabsViewController.swift in Sources */ = {isa = PBXBuildFile; fileRef = 84681DD4217AB05700A139EB /* TabsViewController.swift */; };
		84681DD8217AB13600A139EB /* UIColorExtension.swift in Sources */ = {isa = PBXBuildFile; fileRef = 84681DD7217AB13600A139EB /* UIColorExtension.swift */; };
		84681DDA217AB3FF00A139EB /* UIViewExtension.swift in Sources */ = {isa = PBXBuildFile; fileRef = 84681DD9217AB3FF00A139EB /* UIViewExtension.swift */; };
		84681DE7217AB81D00A139EB /* Cairo-ExtraLight.ttf in Resources */ = {isa = PBXBuildFile; fileRef = 84681DE0217AB81D00A139EB /* Cairo-ExtraLight.ttf */; };
		84681DE8217AB81D00A139EB /* Cairo-SemiBold.ttf in Resources */ = {isa = PBXBuildFile; fileRef = 84681DE1217AB81D00A139EB /* Cairo-SemiBold.ttf */; };
		84681DE9217AB81D00A139EB /* Cairo-Regular.ttf in Resources */ = {isa = PBXBuildFile; fileRef = 84681DE2217AB81D00A139EB /* Cairo-Regular.ttf */; };
		84681DEA217AB81D00A139EB /* Cairo-Light.ttf in Resources */ = {isa = PBXBuildFile; fileRef = 84681DE3217AB81D00A139EB /* Cairo-Light.ttf */; };
		84681DEB217AB81D00A139EB /* Cairo-Black.ttf in Resources */ = {isa = PBXBuildFile; fileRef = 84681DE4217AB81D00A139EB /* Cairo-Black.ttf */; };
		84681DEC217AB81D00A139EB /* Cairo-Bold.ttf in Resources */ = {isa = PBXBuildFile; fileRef = 84681DE5217AB81D00A139EB /* Cairo-Bold.ttf */; };
		84681DF0217ABA1000A139EB /* HomeViewController.swift in Sources */ = {isa = PBXBuildFile; fileRef = 84681DEF217ABA1000A139EB /* HomeViewController.swift */; };
		84681E09217ABDF300A139EB /* Roboto-Regular.ttf in Resources */ = {isa = PBXBuildFile; fileRef = 84681DF6217ABDF300A139EB /* Roboto-Regular.ttf */; };
		84681E1A217ABF3900A139EB /* UserHomeCollectionViewCell.swift in Sources */ = {isa = PBXBuildFile; fileRef = 84681E19217ABF3900A139EB /* UserHomeCollectionViewCell.swift */; };
		84681E1C217ACC2500A139EB /* PostHomeTableViewCell.swift in Sources */ = {isa = PBXBuildFile; fileRef = 84681E1B217ACC2500A139EB /* PostHomeTableViewCell.swift */; };
		84A3AC75217B8E35003923E1 /* UsersRouter.swift in Sources */ = {isa = PBXBuildFile; fileRef = 84A3AC74217B8E35003923E1 /* UsersRouter.swift */; };
		84A3AC77217B8E67003923E1 /* Constants.swift in Sources */ = {isa = PBXBuildFile; fileRef = 84A3AC76217B8E67003923E1 /* Constants.swift */; };
		84A3AC79217B8F01003923E1 /* UsersAPIManager.swift in Sources */ = {isa = PBXBuildFile; fileRef = 84A3AC78217B8F00003923E1 /* UsersAPIManager.swift */; };
		84A3AC7C217B8F86003923E1 /* User.swift in Sources */ = {isa = PBXBuildFile; fileRef = 84A3AC7B217B8F86003923E1 /* User.swift */; };
		84A3AC7E217B8FE7003923E1 /* UsersResponse.swift in Sources */ = {isa = PBXBuildFile; fileRef = 84A3AC7D217B8FE7003923E1 /* UsersResponse.swift */; };
		84A3AC80217BBE23003923E1 /* PostsRouter.swift in Sources */ = {isa = PBXBuildFile; fileRef = 84A3AC7F217BBE23003923E1 /* PostsRouter.swift */; };
		84A3AC82217BC273003923E1 /* PostsAPIManager.swift in Sources */ = {isa = PBXBuildFile; fileRef = 84A3AC81217BC273003923E1 /* PostsAPIManager.swift */; };
		84A3AC84217BC2D7003923E1 /* PostsResponse.swift in Sources */ = {isa = PBXBuildFile; fileRef = 84A3AC83217BC2D7003923E1 /* PostsResponse.swift */; };
		84A3AC86217BC2F3003923E1 /* Post.swift in Sources */ = {isa = PBXBuildFile; fileRef = 84A3AC85217BC2F3003923E1 /* Post.swift */; };
		84A3AC89217BD7EE003923E1 /* HomeViewModel.swift in Sources */ = {isa = PBXBuildFile; fileRef = 84A3AC88217BD7EE003923E1 /* HomeViewModel.swift */; };
		84A3AC8B217BDC6D003923E1 /* AlertUtility.swift in Sources */ = {isa = PBXBuildFile; fileRef = 84A3AC8A217BDC6D003923E1 /* AlertUtility.swift */; };
		84A3AC8D217BE260003923E1 /* CALayerExtension.swift in Sources */ = {isa = PBXBuildFile; fileRef = 84A3AC8C217BE260003923E1 /* CALayerExtension.swift */; };
		84A3AC91217BF042003923E1 /* DateExtension.swift in Sources */ = {isa = PBXBuildFile; fileRef = 84A3AC90217BF042003923E1 /* DateExtension.swift */; };
		84BB3211217AA6B800ACEB22 /* AppDelegate.swift in Sources */ = {isa = PBXBuildFile; fileRef = 84BB3210217AA6B800ACEB22 /* AppDelegate.swift */; };
		84BB3216217AA6B800ACEB22 /* Main.storyboard in Resources */ = {isa = PBXBuildFile; fileRef = 84BB3214217AA6B800ACEB22 /* Main.storyboard */; };
		84BB3218217AA6BA00ACEB22 /* Assets.xcassets in Resources */ = {isa = PBXBuildFile; fileRef = 84BB3217217AA6BA00ACEB22 /* Assets.xcassets */; };
		84BB321B217AA6BA00ACEB22 /* LaunchScreen.storyboard in Resources */ = {isa = PBXBuildFile; fileRef = 84BB3219217AA6BA00ACEB22 /* LaunchScreen.storyboard */; };
		9FDD69DD4BE11D6D0955242C /* Pods_Sarygram.framework in Frameworks */ = {isa = PBXBuildFile; fileRef = F50D59495F5E567009361590 /* Pods_Sarygram.framework */; };
/* End PBXBuildFile section */

/* Begin PBXFileReference section */
		7C288E3A0EE7AC25EA7FED9F /* Pods-Sarygram.debug.xcconfig */ = {isa = PBXFileReference; includeInIndex = 1; lastKnownFileType = text.xcconfig; name = "Pods-Sarygram.debug.xcconfig"; path = "Pods/Target Support Files/Pods-Sarygram/Pods-Sarygram.debug.xcconfig"; sourceTree = "<group>"; };
		84681DD4217AB05700A139EB /* TabsViewController.swift */ = {isa = PBXFileReference; lastKnownFileType = sourcecode.swift; path = TabsViewController.swift; sourceTree = "<group>"; };
		84681DD7217AB13600A139EB /* UIColorExtension.swift */ = {isa = PBXFileReference; lastKnownFileType = sourcecode.swift; path = UIColorExtension.swift; sourceTree = "<group>"; };
		84681DD9217AB3FF00A139EB /* UIViewExtension.swift */ = {isa = PBXFileReference; lastKnownFileType = sourcecode.swift; path = UIViewExtension.swift; sourceTree = "<group>"; };
		84681DE0217AB81D00A139EB /* Cairo-ExtraLight.ttf */ = {isa = PBXFileReference; lastKnownFileType = file; path = "Cairo-ExtraLight.ttf"; sourceTree = "<group>"; };
		84681DE1217AB81D00A139EB /* Cairo-SemiBold.ttf */ = {isa = PBXFileReference; lastKnownFileType = file; path = "Cairo-SemiBold.ttf"; sourceTree = "<group>"; };
		84681DE2217AB81D00A139EB /* Cairo-Regular.ttf */ = {isa = PBXFileReference; lastKnownFileType = file; path = "Cairo-Regular.ttf"; sourceTree = "<group>"; };
		84681DE3217AB81D00A139EB /* Cairo-Light.ttf */ = {isa = PBXFileReference; lastKnownFileType = file; path = "Cairo-Light.ttf"; sourceTree = "<group>"; };
		84681DE4217AB81D00A139EB /* Cairo-Black.ttf */ = {isa = PBXFileReference; lastKnownFileType = file; path = "Cairo-Black.ttf"; sourceTree = "<group>"; };
		84681DE5217AB81D00A139EB /* Cairo-Bold.ttf */ = {isa = PBXFileReference; lastKnownFileType = file; path = "Cairo-Bold.ttf"; sourceTree = "<group>"; };
		84681DEF217ABA1000A139EB /* HomeViewController.swift */ = {isa = PBXFileReference; lastKnownFileType = sourcecode.swift; path = HomeViewController.swift; sourceTree = "<group>"; };
		84681DF6217ABDF300A139EB /* Roboto-Regular.ttf */ = {isa = PBXFileReference; lastKnownFileType = file; path = "Roboto-Regular.ttf"; sourceTree = "<group>"; };
		84681E19217ABF3900A139EB /* UserHomeCollectionViewCell.swift */ = {isa = PBXFileReference; lastKnownFileType = sourcecode.swift; path = UserHomeCollectionViewCell.swift; sourceTree = "<group>"; };
		84681E1B217ACC2500A139EB /* PostHomeTableViewCell.swift */ = {isa = PBXFileReference; lastKnownFileType = sourcecode.swift; path = PostHomeTableViewCell.swift; sourceTree = "<group>"; };
		84A3AC74217B8E35003923E1 /* UsersRouter.swift */ = {isa = PBXFileReference; lastKnownFileType = sourcecode.swift; path = UsersRouter.swift; sourceTree = "<group>"; };
		84A3AC76217B8E67003923E1 /* Constants.swift */ = {isa = PBXFileReference; lastKnownFileType = sourcecode.swift; path = Constants.swift; sourceTree = "<group>"; };
		84A3AC78217B8F00003923E1 /* UsersAPIManager.swift */ = {isa = PBXFileReference; lastKnownFileType = sourcecode.swift; path = UsersAPIManager.swift; sourceTree = "<group>"; };
		84A3AC7B217B8F86003923E1 /* User.swift */ = {isa = PBXFileReference; lastKnownFileType = sourcecode.swift; path = User.swift; sourceTree = "<group>"; };
		84A3AC7D217B8FE7003923E1 /* UsersResponse.swift */ = {isa = PBXFileReference; lastKnownFileType = sourcecode.swift; path = UsersResponse.swift; sourceTree = "<group>"; };
		84A3AC7F217BBE23003923E1 /* PostsRouter.swift */ = {isa = PBXFileReference; lastKnownFileType = sourcecode.swift; path = PostsRouter.swift; sourceTree = "<group>"; };
		84A3AC81217BC273003923E1 /* PostsAPIManager.swift */ = {isa = PBXFileReference; lastKnownFileType = sourcecode.swift; path = PostsAPIManager.swift; sourceTree = "<group>"; };
		84A3AC83217BC2D7003923E1 /* PostsResponse.swift */ = {isa = PBXFileReference; lastKnownFileType = sourcecode.swift; path = PostsResponse.swift; sourceTree = "<group>"; };
		84A3AC85217BC2F3003923E1 /* Post.swift */ = {isa = PBXFileReference; lastKnownFileType = sourcecode.swift; path = Post.swift; sourceTree = "<group>"; };
		84A3AC88217BD7EE003923E1 /* HomeViewModel.swift */ = {isa = PBXFileReference; lastKnownFileType = sourcecode.swift; path = HomeViewModel.swift; sourceTree = "<group>"; };
		84A3AC8A217BDC6D003923E1 /* AlertUtility.swift */ = {isa = PBXFileReference; lastKnownFileType = sourcecode.swift; path = AlertUtility.swift; sourceTree = "<group>"; };
		84A3AC8C217BE260003923E1 /* CALayerExtension.swift */ = {isa = PBXFileReference; lastKnownFileType = sourcecode.swift; path = CALayerExtension.swift; sourceTree = "<group>"; };
		84A3AC90217BF042003923E1 /* DateExtension.swift */ = {isa = PBXFileReference; lastKnownFileType = sourcecode.swift; path = DateExtension.swift; sourceTree = "<group>"; };
		84BB320D217AA6B800ACEB22 /* Sarygram.app */ = {isa = PBXFileReference; explicitFileType = wrapper.application; includeInIndex = 0; path = Sarygram.app; sourceTree = BUILT_PRODUCTS_DIR; };
		84BB3210217AA6B800ACEB22 /* AppDelegate.swift */ = {isa = PBXFileReference; lastKnownFileType = sourcecode.swift; path = AppDelegate.swift; sourceTree = "<group>"; };
		84BB3215217AA6B800ACEB22 /* Base */ = {isa = PBXFileReference; lastKnownFileType = file.storyboard; name = Base; path = Base.lproj/Main.storyboard; sourceTree = "<group>"; };
		84BB3217217AA6BA00ACEB22 /* Assets.xcassets */ = {isa = PBXFileReference; lastKnownFileType = folder.assetcatalog; path = Assets.xcassets; sourceTree = "<group>"; };
		84BB321A217AA6BA00ACEB22 /* Base */ = {isa = PBXFileReference; lastKnownFileType = file.storyboard; name = Base; path = Base.lproj/LaunchScreen.storyboard; sourceTree = "<group>"; };
		84BB321C217AA6BA00ACEB22 /* Info.plist */ = {isa = PBXFileReference; lastKnownFileType = text.plist.xml; path = Info.plist; sourceTree = "<group>"; };
		E70CDD170F9B057FD618C2E9 /* Pods-Sarygram.release.xcconfig */ = {isa = PBXFileReference; includeInIndex = 1; lastKnownFileType = text.xcconfig; name = "Pods-Sarygram.release.xcconfig"; path = "Pods/Target Support Files/Pods-Sarygram/Pods-Sarygram.release.xcconfig"; sourceTree = "<group>"; };
		F50D59495F5E567009361590 /* Pods_Sarygram.framework */ = {isa = PBXFileReference; explicitFileType = wrapper.framework; includeInIndex = 0; path = Pods_Sarygram.framework; sourceTree = BUILT_PRODUCTS_DIR; };
/* End PBXFileReference section */

/* Begin PBXFrameworksBuildPhase section */
		84BB320A217AA6B800ACEB22 /* Frameworks */ = {
			isa = PBXFrameworksBuildPhase;
			buildActionMask = 2147483647;
			files = (
				9FDD69DD4BE11D6D0955242C /* Pods_Sarygram.framework in Frameworks */,
			);
			runOnlyForDeploymentPostprocessing = 0;
		};
/* End PBXFrameworksBuildPhase section */

/* Begin PBXGroup section */
		5640D070CEAFE56D52AF562A /* Pods */ = {
			isa = PBXGroup;
			children = (
				7C288E3A0EE7AC25EA7FED9F /* Pods-Sarygram.debug.xcconfig */,
				E70CDD170F9B057FD618C2E9 /* Pods-Sarygram.release.xcconfig */,
			);
			name = Pods;
			sourceTree = "<group>";
		};
		84681DD0217AB01100A139EB /* Modules */ = {
			isa = PBXGroup;
			children = (
				84681DD2217AB03000A139EB /* Tabs */,
				84681DD1217AB02100A139EB /* Home */,
			);
			path = Modules;
			sourceTree = "<group>";
		};
		84681DD1217AB02100A139EB /* Home */ = {
			isa = PBXGroup;
			children = (
				84A3AC73217B8E17003923E1 /* Network */,
				84A3AC87217BD7D4003923E1 /* View Models */,
				84681DEE217AB9E900A139EB /* UI */,
			);
			path = Home;
			sourceTree = "<group>";
		};
		84681DD2217AB03000A139EB /* Tabs */ = {
			isa = PBXGroup;
			children = (
				84681DD4217AB05700A139EB /* TabsViewController.swift */,
			);
			path = Tabs;
			sourceTree = "<group>";
		};
		84681DD6217AB11800A139EB /* Utilities */ = {
			isa = PBXGroup;
			children = (
				84681DD7217AB13600A139EB /* UIColorExtension.swift */,
				84681DD9217AB3FF00A139EB /* UIViewExtension.swift */,
				84A3AC8C217BE260003923E1 /* CALayerExtension.swift */,
				84A3AC90217BF042003923E1 /* DateExtension.swift */,
				84A3AC76217B8E67003923E1 /* Constants.swift */,
				84A3AC8A217BDC6D003923E1 /* AlertUtility.swift */,
			);
			path = Utilities;
			sourceTree = "<group>";
		};
		84681DDC217AB49700A139EB /* Storyboards */ = {
			isa = PBXGroup;
			children = (
				84BB3214217AA6B800ACEB22 /* Main.storyboard */,
			);
			path = Storyboards;
			sourceTree = "<group>";
		};
		84681DDD217AB4DB00A139EB /* Assets */ = {
			isa = PBXGroup;
			children = (
				84BB3217217AA6BA00ACEB22 /* Assets.xcassets */,
				84BB3219217AA6BA00ACEB22 /* LaunchScreen.storyboard */,
				84BB321C217AA6BA00ACEB22 /* Info.plist */,
			);
			name = Assets;
			sourceTree = "<group>";
		};
		84681DDE217AB80A00A139EB /* Fonts */ = {
			isa = PBXGroup;
			children = (
				84681DF1217ABDF300A139EB /* Roboto */,
				84681DDF217AB81D00A139EB /* Cairo */,
			);
			path = Fonts;
			sourceTree = "<group>";
		};
		84681DDF217AB81D00A139EB /* Cairo */ = {
			isa = PBXGroup;
			children = (
				84681DE0217AB81D00A139EB /* Cairo-ExtraLight.ttf */,
				84681DE1217AB81D00A139EB /* Cairo-SemiBold.ttf */,
				84681DE2217AB81D00A139EB /* Cairo-Regular.ttf */,
				84681DE3217AB81D00A139EB /* Cairo-Light.ttf */,
				84681DE4217AB81D00A139EB /* Cairo-Black.ttf */,
				84681DE5217AB81D00A139EB /* Cairo-Bold.ttf */,
			);
			path = Cairo;
			sourceTree = "<group>";
		};
		84681DEE217AB9E900A139EB /* UI */ = {
			isa = PBXGroup;
			children = (
				84681DEF217ABA1000A139EB /* HomeViewController.swift */,
				84681E18217ABF1B00A139EB /* Cells */,
			);
			path = UI;
			sourceTree = "<group>";
		};
		84681DF1217ABDF300A139EB /* Roboto */ = {
			isa = PBXGroup;
			children = (
				84681DF6217ABDF300A139EB /* Roboto-Regular.ttf */,
			);
			path = Roboto;
			sourceTree = "<group>";
		};
		84681E18217ABF1B00A139EB /* Cells */ = {
			isa = PBXGroup;
			children = (
				84681E19217ABF3900A139EB /* UserHomeCollectionViewCell.swift */,
				84681E1B217ACC2500A139EB /* PostHomeTableViewCell.swift */,
			);
			path = Cells;
			sourceTree = "<group>";
		};
		84A3AC73217B8E17003923E1 /* Network */ = {
			isa = PBXGroup;
			children = (
				84A3AC74217B8E35003923E1 /* UsersRouter.swift */,
				84A3AC7F217BBE23003923E1 /* PostsRouter.swift */,
				84A3AC78217B8F00003923E1 /* UsersAPIManager.swift */,
				84A3AC81217BC273003923E1 /* PostsAPIManager.swift */,
				84A3AC7A217B8F7A003923E1 /* Models */,
			);
			path = Network;
			sourceTree = "<group>";
		};
		84A3AC7A217B8F7A003923E1 /* Models */ = {
			isa = PBXGroup;
			children = (
				84A3AC7B217B8F86003923E1 /* User.swift */,
				84A3AC85217BC2F3003923E1 /* Post.swift */,
				84A3AC7D217B8FE7003923E1 /* UsersResponse.swift */,
				84A3AC83217BC2D7003923E1 /* PostsResponse.swift */,
			);
			path = Models;
			sourceTree = "<group>";
		};
		84A3AC87217BD7D4003923E1 /* View Models */ = {
			isa = PBXGroup;
			children = (
				84A3AC88217BD7EE003923E1 /* HomeViewModel.swift */,
			);
			path = "View Models";
			sourceTree = "<group>";
		};
		84BB3204217AA6B800ACEB22 = {
			isa = PBXGroup;
			children = (
				84BB320F217AA6B800ACEB22 /* Sarygram */,
				84BB320E217AA6B800ACEB22 /* Products */,
				5640D070CEAFE56D52AF562A /* Pods */,
				A60BFE16D87EAF44886803CC /* Frameworks */,
			);
			sourceTree = "<group>";
		};
		84BB320E217AA6B800ACEB22 /* Products */ = {
			isa = PBXGroup;
			children = (
				84BB320D217AA6B800ACEB22 /* Sarygram.app */,
			);
			name = Products;
			sourceTree = "<group>";
		};
		84BB320F217AA6B800ACEB22 /* Sarygram */ = {
			isa = PBXGroup;
			children = (
				84BB3210217AA6B800ACEB22 /* AppDelegate.swift */,
				84681DD0217AB01100A139EB /* Modules */,
				84681DD6217AB11800A139EB /* Utilities */,
				84681DDC217AB49700A139EB /* Storyboards */,
				84681DDE217AB80A00A139EB /* Fonts */,
				84681DDD217AB4DB00A139EB /* Assets */,
			);
			path = Sarygram;
			sourceTree = "<group>";
		};
		A60BFE16D87EAF44886803CC /* Frameworks */ = {
			isa = PBXGroup;
			children = (
				F50D59495F5E567009361590 /* Pods_Sarygram.framework */,
			);
			name = Frameworks;
			sourceTree = "<group>";
		};
/* End PBXGroup section */

/* Begin PBXNativeTarget section */
		84BB320C217AA6B800ACEB22 /* Sarygram */ = {
			isa = PBXNativeTarget;
			buildConfigurationList = 84BB321F217AA6BA00ACEB22 /* Build configuration list for PBXNativeTarget "Sarygram" */;
			buildPhases = (
				E4B5E96CFB3248825C655BBC /* [CP] Check Pods Manifest.lock */,
				84BB3209217AA6B800ACEB22 /* Sources */,
				84BB320A217AA6B800ACEB22 /* Frameworks */,
				84BB320B217AA6B800ACEB22 /* Resources */,
				6E8A45AC13EF1B53D10AF967 /* [CP] Embed Pods Frameworks */,
			);
			buildRules = (
			);
			dependencies = (
			);
			name = Sarygram;
			productName = Sarygram;
			productReference = 84BB320D217AA6B800ACEB22 /* Sarygram.app */;
			productType = "com.apple.product-type.application";
		};
/* End PBXNativeTarget section */

/* Begin PBXProject section */
		84BB3205217AA6B800ACEB22 /* Project object */ = {
			isa = PBXProject;
			attributes = {
				LastSwiftUpdateCheck = 1000;
				LastUpgradeCheck = 1000;
				ORGANIZATIONNAME = "Mohammad Shaker";
				TargetAttributes = {
					84BB320C217AA6B800ACEB22 = {
						CreatedOnToolsVersion = 10.0;
					};
				};
			};
			buildConfigurationList = 84BB3208217AA6B800ACEB22 /* Build configuration list for PBXProject "Sarygram" */;
			compatibilityVersion = "Xcode 9.3";
			developmentRegion = en;
			hasScannedForEncodings = 0;
			knownRegions = (
				en,
				Base,
			);
			mainGroup = 84BB3204217AA6B800ACEB22;
			productRefGroup = 84BB320E217AA6B800ACEB22 /* Products */;
			projectDirPath = "";
			projectRoot = "";
			targets = (
				84BB320C217AA6B800ACEB22 /* Sarygram */,
			);
		};
/* End PBXProject section */

/* Begin PBXResourcesBuildPhase section */
		84BB320B217AA6B800ACEB22 /* Resources */ = {
			isa = PBXResourcesBuildPhase;
			buildActionMask = 2147483647;
			files = (
				84681DE9217AB81D00A139EB /* Cairo-Regular.ttf in Resources */,
				84BB321B217AA6BA00ACEB22 /* LaunchScreen.storyboard in Resources */,
				84BB3218217AA6BA00ACEB22 /* Assets.xcassets in Resources */,
				84681DEB217AB81D00A139EB /* Cairo-Black.ttf in Resources */,
				84681E09217ABDF300A139EB /* Roboto-Regular.ttf in Resources */,
				84681DE8217AB81D00A139EB /* Cairo-SemiBold.ttf in Resources */,
				84BB3216217AA6B800ACEB22 /* Main.storyboard in Resources */,
				84681DE7217AB81D00A139EB /* Cairo-ExtraLight.ttf in Resources */,
				84681DEC217AB81D00A139EB /* Cairo-Bold.ttf in Resources */,
				84681DEA217AB81D00A139EB /* Cairo-Light.ttf in Resources */,
			);
			runOnlyForDeploymentPostprocessing = 0;
		};
/* End PBXResourcesBuildPhase section */

/* Begin PBXShellScriptBuildPhase section */
		6E8A45AC13EF1B53D10AF967 /* [CP] Embed Pods Frameworks */ = {
			isa = PBXShellScriptBuildPhase;
			buildActionMask = 2147483647;
			files = (
			);
			inputPaths = (
				"${SRCROOT}/Pods/Target Support Files/Pods-Sarygram/Pods-Sarygram-frameworks.sh",
				"${BUILT_PRODUCTS_DIR}/Alamofire/Alamofire.framework",
				"${BUILT_PRODUCTS_DIR}/Kingfisher/Kingfisher.framework",
				"${BUILT_PRODUCTS_DIR}/SCLAlertView/SCLAlertView.framework",
				"${BUILT_PRODUCTS_DIR}/SkeletonView/SkeletonView.framework",
			);
			name = "[CP] Embed Pods Frameworks";
			outputPaths = (
				"${TARGET_BUILD_DIR}/${FRAMEWORKS_FOLDER_PATH}/Alamofire.framework",
				"${TARGET_BUILD_DIR}/${FRAMEWORKS_FOLDER_PATH}/Kingfisher.framework",
				"${TARGET_BUILD_DIR}/${FRAMEWORKS_FOLDER_PATH}/SCLAlertView.framework",
				"${TARGET_BUILD_DIR}/${FRAMEWORKS_FOLDER_PATH}/SkeletonView.framework",
			);
			runOnlyForDeploymentPostprocessing = 0;
			shellPath = /bin/sh;
			shellScript = "\"${SRCROOT}/Pods/Target Support Files/Pods-Sarygram/Pods-Sarygram-frameworks.sh\"\n";
			showEnvVarsInLog = 0;
		};
		E4B5E96CFB3248825C655BBC /* [CP] Check Pods Manifest.lock */ = {
			isa = PBXShellScriptBuildPhase;
			buildActionMask = 2147483647;
			files = (
			);
			inputPaths = (
				"${PODS_PODFILE_DIR_PATH}/Podfile.lock",
				"${PODS_ROOT}/Manifest.lock",
			);
			name = "[CP] Check Pods Manifest.lock";
			outputPaths = (
				"$(DERIVED_FILE_DIR)/Pods-Sarygram-checkManifestLockResult.txt",
			);
			runOnlyForDeploymentPostprocessing = 0;
			shellPath = /bin/sh;
			shellScript = "diff \"${PODS_PODFILE_DIR_PATH}/Podfile.lock\" \"${PODS_ROOT}/Manifest.lock\" > /dev/null\nif [ $? != 0 ] ; then\n    # print error to STDERR\n    echo \"error: The sandbox is not in sync with the Podfile.lock. Run 'pod install' or update your CocoaPods installation.\" >&2\n    exit 1\nfi\n# This output is used by Xcode 'outputs' to avoid re-running this script phase.\necho \"SUCCESS\" > \"${SCRIPT_OUTPUT_FILE_0}\"\n";
			showEnvVarsInLog = 0;
		};
/* End PBXShellScriptBuildPhase section */

/* Begin PBXSourcesBuildPhase section */
		84BB3209217AA6B800ACEB22 /* Sources */ = {
			isa = PBXSourcesBuildPhase;
			buildActionMask = 2147483647;
			files = (
				84A3AC8D217BE260003923E1 /* CALayerExtension.swift in Sources */,
				84A3AC91217BF042003923E1 /* DateExtension.swift in Sources */,
				84A3AC89217BD7EE003923E1 /* HomeViewModel.swift in Sources */,
				84681DF0217ABA1000A139EB /* HomeViewController.swift in Sources */,
				84681E1C217ACC2500A139EB /* PostHomeTableViewCell.swift in Sources */,
				84A3AC80217BBE23003923E1 /* PostsRouter.swift in Sources */,
				84BB3211217AA6B800ACEB22 /* AppDelegate.swift in Sources */,
				84A3AC75217B8E35003923E1 /* UsersRouter.swift in Sources */,
				84681E1A217ABF3900A139EB /* UserHomeCollectionViewCell.swift in Sources */,
				84681DD5217AB05700A139EB /* TabsViewController.swift in Sources */,
				84681DD8217AB13600A139EB /* UIColorExtension.swift in Sources */,
				84A3AC79217B8F01003923E1 /* UsersAPIManager.swift in Sources */,
				84681DDA217AB3FF00A139EB /* UIViewExtension.swift in Sources */,
				84A3AC82217BC273003923E1 /* PostsAPIManager.swift in Sources */,
				84A3AC86217BC2F3003923E1 /* Post.swift in Sources */,
				84A3AC8B217BDC6D003923E1 /* AlertUtility.swift in Sources */,
				84A3AC77217B8E67003923E1 /* Constants.swift in Sources */,
				84A3AC84217BC2D7003923E1 /* PostsResponse.swift in Sources */,
				84A3AC7C217B8F86003923E1 /* User.swift in Sources */,
				84A3AC7E217B8FE7003923E1 /* UsersResponse.swift in Sources */,
			);
			runOnlyForDeploymentPostprocessing = 0;
		};
/* End PBXSourcesBuildPhase section */

/* Begin PBXVariantGroup section */
		84BB3214217AA6B800ACEB22 /* Main.storyboard */ = {
			isa = PBXVariantGroup;
			children = (
				84BB3215217AA6B800ACEB22 /* Base */,
			);
			name = Main.storyboard;
			sourceTree = "<group>";
		};
		84BB3219217AA6BA00ACEB22 /* LaunchScreen.storyboard */ = {
			isa = PBXVariantGroup;
			children = (
				84BB321A217AA6BA00ACEB22 /* Base */,
			);
			name = LaunchScreen.storyboard;
			sourceTree = "<group>";
		};
/* End PBXVariantGroup section */

/* Begin XCBuildConfiguration section */
		84BB321D217AA6BA00ACEB22 /* Debug */ = {
			isa = XCBuildConfiguration;
			buildSettings = {
				ALWAYS_SEARCH_USER_PATHS = NO;
				CLANG_ANALYZER_NONNULL = YES;
				CLANG_ANALYZER_NUMBER_OBJECT_CONVERSION = YES_AGGRESSIVE;
				CLANG_CXX_LANGUAGE_STANDARD = "gnu++14";
				CLANG_CXX_LIBRARY = "libc++";
				CLANG_ENABLE_MODULES = YES;
				CLANG_ENABLE_OBJC_ARC = YES;
				CLANG_ENABLE_OBJC_WEAK = YES;
				CLANG_WARN_BLOCK_CAPTURE_AUTORELEASING = YES;
				CLANG_WARN_BOOL_CONVERSION = YES;
				CLANG_WARN_COMMA = YES;
				CLANG_WARN_CONSTANT_CONVERSION = YES;
				CLANG_WARN_DEPRECATED_OBJC_IMPLEMENTATIONS = YES;
				CLANG_WARN_DIRECT_OBJC_ISA_USAGE = YES_ERROR;
				CLANG_WARN_DOCUMENTATION_COMMENTS = YES;
				CLANG_WARN_EMPTY_BODY = YES;
				CLANG_WARN_ENUM_CONVERSION = YES;
				CLANG_WARN_INFINITE_RECURSION = YES;
				CLANG_WARN_INT_CONVERSION = YES;
				CLANG_WARN_NON_LITERAL_NULL_CONVERSION = YES;
				CLANG_WARN_OBJC_IMPLICIT_RETAIN_SELF = YES;
				CLANG_WARN_OBJC_LITERAL_CONVERSION = YES;
				CLANG_WARN_OBJC_ROOT_CLASS = YES_ERROR;
				CLANG_WARN_RANGE_LOOP_ANALYSIS = YES;
				CLANG_WARN_STRICT_PROTOTYPES = YES;
				CLANG_WARN_SUSPICIOUS_MOVE = YES;
				CLANG_WARN_UNGUARDED_AVAILABILITY = YES_AGGRESSIVE;
				CLANG_WARN_UNREACHABLE_CODE = YES;
				CLANG_WARN__DUPLICATE_METHOD_MATCH = YES;
				CODE_SIGN_IDENTITY = "iPhone Developer";
				COPY_PHASE_STRIP = NO;
				DEBUG_INFORMATION_FORMAT = dwarf;
				ENABLE_STRICT_OBJC_MSGSEND = YES;
				ENABLE_TESTABILITY = YES;
				GCC_C_LANGUAGE_STANDARD = gnu11;
				GCC_DYNAMIC_NO_PIC = NO;
				GCC_NO_COMMON_BLOCKS = YES;
				GCC_OPTIMIZATION_LEVEL = 0;
				GCC_PREPROCESSOR_DEFINITIONS = (
					"DEBUG=1",
					"$(inherited)",
				);
				GCC_WARN_64_TO_32_BIT_CONVERSION = YES;
				GCC_WARN_ABOUT_RETURN_TYPE = YES_ERROR;
				GCC_WARN_UNDECLARED_SELECTOR = YES;
				GCC_WARN_UNINITIALIZED_AUTOS = YES_AGGRESSIVE;
				GCC_WARN_UNUSED_FUNCTION = YES;
				GCC_WARN_UNUSED_VARIABLE = YES;
				IPHONEOS_DEPLOYMENT_TARGET = 12.0;
				MTL_ENABLE_DEBUG_INFO = INCLUDE_SOURCE;
				MTL_FAST_MATH = YES;
				ONLY_ACTIVE_ARCH = YES;
				SDKROOT = iphoneos;
				SWIFT_ACTIVE_COMPILATION_CONDITIONS = DEBUG;
				SWIFT_OPTIMIZATION_LEVEL = "-Onone";
			};
			name = Debug;
		};
		84BB321E217AA6BA00ACEB22 /* Release */ = {
			isa = XCBuildConfiguration;
			buildSettings = {
				ALWAYS_SEARCH_USER_PATHS = NO;
				CLANG_ANALYZER_NONNULL = YES;
				CLANG_ANALYZER_NUMBER_OBJECT_CONVERSION = YES_AGGRESSIVE;
				CLANG_CXX_LANGUAGE_STANDARD = "gnu++14";
				CLANG_CXX_LIBRARY = "libc++";
				CLANG_ENABLE_MODULES = YES;
				CLANG_ENABLE_OBJC_ARC = YES;
				CLANG_ENABLE_OBJC_WEAK = YES;
				CLANG_WARN_BLOCK_CAPTURE_AUTORELEASING = YES;
				CLANG_WARN_BOOL_CONVERSION = YES;
				CLANG_WARN_COMMA = YES;
				CLANG_WARN_CONSTANT_CONVERSION = YES;
				CLANG_WARN_DEPRECATED_OBJC_IMPLEMENTATIONS = YES;
				CLANG_WARN_DIRECT_OBJC_ISA_USAGE = YES_ERROR;
				CLANG_WARN_DOCUMENTATION_COMMENTS = YES;
				CLANG_WARN_EMPTY_BODY = YES;
				CLANG_WARN_ENUM_CONVERSION = YES;
				CLANG_WARN_INFINITE_RECURSION = YES;
				CLANG_WARN_INT_CONVERSION = YES;
				CLANG_WARN_NON_LITERAL_NULL_CONVERSION = YES;
				CLANG_WARN_OBJC_IMPLICIT_RETAIN_SELF = YES;
				CLANG_WARN_OBJC_LITERAL_CONVERSION = YES;
				CLANG_WARN_OBJC_ROOT_CLASS = YES_ERROR;
				CLANG_WARN_RANGE_LOOP_ANALYSIS = YES;
				CLANG_WARN_STRICT_PROTOTYPES = YES;
				CLANG_WARN_SUSPICIOUS_MOVE = YES;
				CLANG_WARN_UNGUARDED_AVAILABILITY = YES_AGGRESSIVE;
				CLANG_WARN_UNREACHABLE_CODE = YES;
				CLANG_WARN__DUPLICATE_METHOD_MATCH = YES;
				CODE_SIGN_IDENTITY = "iPhone Developer";
				COPY_PHASE_STRIP = NO;
				DEBUG_INFORMATION_FORMAT = "dwarf-with-dsym";
				ENABLE_NS_ASSERTIONS = NO;
				ENABLE_STRICT_OBJC_MSGSEND = YES;
				GCC_C_LANGUAGE_STANDARD = gnu11;
				GCC_NO_COMMON_BLOCKS = YES;
				GCC_WARN_64_TO_32_BIT_CONVERSION = YES;
				GCC_WARN_ABOUT_RETURN_TYPE = YES_ERROR;
				GCC_WARN_UNDECLARED_SELECTOR = YES;
				GCC_WARN_UNINITIALIZED_AUTOS = YES_AGGRESSIVE;
				GCC_WARN_UNUSED_FUNCTION = YES;
				GCC_WARN_UNUSED_VARIABLE = YES;
				IPHONEOS_DEPLOYMENT_TARGET = 12.0;
				MTL_ENABLE_DEBUG_INFO = NO;
				MTL_FAST_MATH = YES;
				SDKROOT = iphoneos;
				SWIFT_COMPILATION_MODE = wholemodule;
				SWIFT_OPTIMIZATION_LEVEL = "-O";
				VALIDATE_PRODUCT = YES;
			};
			name = Release;
		};
		84BB3220217AA6BA00ACEB22 /* Debug */ = {
			isa = XCBuildConfiguration;
			baseConfigurationReference = 7C288E3A0EE7AC25EA7FED9F /* Pods-Sarygram.debug.xcconfig */;
			buildSettings = {
				ASSETCATALOG_COMPILER_APPICON_NAME = AppIcon;
				CODE_SIGN_STYLE = Automatic;
				INFOPLIST_FILE = Sarygram/Info.plist;
				LD_RUNPATH_SEARCH_PATHS = (
					"$(inherited)",
					"@executable_path/Frameworks",
				);
				PRODUCT_BUNDLE_IDENTIFIER = com.demo.Sarygram;
				PRODUCT_NAME = "$(TARGET_NAME)";
				SWIFT_VERSION = 4.2;
				TARGETED_DEVICE_FAMILY = "1,2";
			};
			name = Debug;
		};
		84BB3221217AA6BA00ACEB22 /* Release */ = {
			isa = XCBuildConfiguration;
			baseConfigurationReference = E70CDD170F9B057FD618C2E9 /* Pods-Sarygram.release.xcconfig */;
			buildSettings = {
				ASSETCATALOG_COMPILER_APPICON_NAME = AppIcon;
				CODE_SIGN_STYLE = Automatic;
				INFOPLIST_FILE = Sarygram/Info.plist;
				LD_RUNPATH_SEARCH_PATHS = (
					"$(inherited)",
					"@executable_path/Frameworks",
				);
				PRODUCT_BUNDLE_IDENTIFIER = com.demo.Sarygram;
				PRODUCT_NAME = "$(TARGET_NAME)";
				SWIFT_VERSION = 4.2;
				TARGETED_DEVICE_FAMILY = "1,2";
			};
			name = Release;
		};
/* End XCBuildConfiguration section */

/* Begin XCConfigurationList section */
		84BB3208217AA6B800ACEB22 /* Build configuration list for PBXProject "Sarygram" */ = {
			isa = XCConfigurationList;
			buildConfigurations = (
				84BB321D217AA6BA00ACEB22 /* Debug */,
				84BB321E217AA6BA00ACEB22 /* Release */,
			);
			defaultConfigurationIsVisible = 0;
			defaultConfigurationName = Release;
		};
		84BB321F217AA6BA00ACEB22 /* Build configuration list for PBXNativeTarget "Sarygram" */ = {
			isa = XCConfigurationList;
			buildConfigurations = (
				84BB3220217AA6BA00ACEB22 /* Debug */,
				84BB3221217AA6BA00ACEB22 /* Release */,
			);
			defaultConfigurationIsVisible = 0;
			defaultConfigurationName = Release;
		};
/* End XCConfigurationList section */
	};
	rootObject = 84BB3205217AA6B800ACEB22 /* Project object */;
}
